<?xml version="1.0" encoding="UTF-8" standalone="yes" ?>
<CodeBlocks_project_file>
	<FileVersion major="1" minor="6" />
	<Project>
		<Option title="SDL" />
		<Option pch_mode="2" />
		<Option compiler="gcc" />
		<Build>
			<Target title="Debug">
				<Option platforms="Windows;" />
				<Option output="solution/debug/SDL" prefix_auto="1" extension_auto="1" />
				<Option working_dir="../sources" />
				<Option object_output="solution/debug/obj/" />
				<Option type="1" />
				<Option compiler="gcc" />
				<Compiler>
					<Add option="-std=c++14" />
					<Add option="-g" />
					<Add directory="../SDL2-devel-2.0.9-mingw/SDL2-2.0.9/i686-w64-mingw32/include/SDL2" />
					<Add directory="../i686-w64-mingw32/include/SDL2" />
					<Add directory="entity-component-system" />
					<Add directory="entity-component-system/components/include" />
					<Add directory="physics/include" />
				</Compiler>
				<Linker>
					<Add option="-lmingw32 -lSDL2main -lSDL2 -lSDL2_image" />
					<Add directory="../SDL2-devel-2.0.9-mingw/SDL2-2.0.9/i686-w64-mingw32/lib" />
					<Add directory="../i686-w64-mingw32/lib" />
				</Linker>
			</Target>
			<Target title="Release">
				<Option output="solution/release/SDL" prefix_auto="1" extension_auto="1" />
				<Option working_dir="../sources" />
				<Option object_output="solution/release/obj" />
				<Option external_deps="SDL2.dll;" />
				<Option type="1" />
				<Option compiler="gcc" />
				<Compiler>
					<Add option="-O2" />
					<Add directory="entity-component-system" />
					<Add directory="entity-component-system/components/include" />
					<Add directory="physics/include" />
				</Compiler>
				<Linker>
					<Add option="-s" />
				</Linker>
			</Target>
		</Build>
		<Compiler>
			<Add option="-Wall" />
			<Add option="-std=c++14" />
		</Compiler>
		<Unit filename="entity-component-system/SystemManager.cpp" />
		<Unit filename="entity-component-system/SystemManager.h" />
		<Unit filename="entity-component-system/components/include/ColliderComponent.h" />
		<Unit filename="entity-component-system/components/include/Component.h" />
		<Unit filename="entity-component-system/components/include/KeyboardControllerComponent.h" />
		<Unit filename="entity-component-system/components/include/SpriteComponent.h" />
		<Unit filename="entity-component-system/components/include/TransformComponent.h" />
		<Unit filename="entity-component-system/components/src/ColliderComponent.cpp" />
		<Unit filename="entity-component-system/components/src/KeyboardControllerComponent.cpp" />
		<Unit filename="entity-component-system/components/src/SpriteComponent.cpp" />
		<Unit filename="entity-component-system/components/src/TransformComponent.cpp" />
		<Unit filename="entity-component-system/entities/include/Entity.h" />
		<Unit filename="entity-component-system/entities/src/Entity.cpp" />
		<Unit filename="game/include/Game.h" />
		<Unit filename="game/include/TextureManager.h" />
		<Unit filename="game/include/TileMap.h" />
		<Unit filename="game/include/Vector2d.h" />
		<Unit filename="game/src/Game.cpp" />
		<Unit filename="game/src/TextureManager.cpp" />
		<Unit filename="game/src/TileMap.cpp" />
		<Unit filename="game/src/Vector2d.cpp" />
		<Unit filename="game/src/main.cpp" />
		<Unit filename="physics/include/Collision.h" />
		<Unit filename="physics/src/Collision.cpp" />
		<Unit filename="resources/assets/celes_sprite.png" />
		<Unit filename="resources/assets/chrono.png" />
		<Unit filename="resources/assets/mario_one.jpg" />
		<Unit filename="resources/assets/megaman.png" />
		<Unit filename="resources/assets/tiles/grass.png" />
		<Unit filename="resources/assets/tiles/sand.png" />
		<Unit filename="resources/assets/tiles/water.png" />
		<Unit filename="solution/debug/SDL2.dll" />
		<Unit filename="solution/debug/SDL2_image.dll" />
		<Unit filename="solution/debug/libjpeg-9.dll" />
		<Unit filename="solution/debug/libpng16-16.dll" />
		<Unit filename="solution/debug/libtiff-5.dll" />
		<Unit filename="solution/debug/libwebp-7.dll" />
		<Unit filename="solution/debug/zlib1.dll" />
		<Extensions>
			<code_completion />
			<envvars />
			<debugger />
			<lib_finder disable_auto="1" />
		</Extensions>
	</Project>
</CodeBlocks_project_file>
